
Microsoft Visual Studio Solution File, Format Version 12.00
# Visual Studio Version 17
VisualStudioVersion = 17.11.35303.130
MinimumVisualStudioVersion = 10.0.40219.1
Project("{2150E333-8FDC-42A3-9474-1A3956D46DE8}") = "Applications", "Applications", "{23437320-6D0B-497D-B9C5-11AD0D470420}"
EndProject
Project("{2150E333-8FDC-42A3-9474-1A3956D46DE8}") = "Libraries", "Libraries", "{4A47ABEB-BCAC-47F8-B549-4628940A7122}"
EndProject
Project("{9A19103F-16F7-4668-BE54-9A1E7A4F7556}") = "SV21T2080045.Web", "SV21T2080045.Web\SV21T2080045.Web.csproj", "{175B34B0-49EF-4466-86B1-7848CB24CF08}"
EndProject
Project("{9A19103F-16F7-4668-BE54-9A1E7A4F7556}") = "21T1080045.DomainModels", "21T1080045.DomainModels\21T1080045.DomainModels.csproj", "{6913C76C-080A-406E-BCDB-97134EB0E1A0}"
EndProject
Project("{9A19103F-16F7-4668-BE54-9A1E7A4F7556}") = "21T1080045.DataLayers", "21T1080045.DataLayers\21T1080045.DataLayers.csproj", "{2FFB506C-C44C-40D0-9B7B-B5E051003DD3}"
EndProject
Project("{9A19103F-16F7-4668-BE54-9A1E7A4F7556}") = "21T1080045.BusinessLayers", "21T1080045.BusinessLayers\21T1080045.BusinessLayers.csproj", "{74E66215-4FE5-46AB-9526-690882E82124}"
EndProject
Project("{FAE04EC0-301F-11D3-BF4B-00C04F79EFBC}") = "SV21T1080045.Shop", "SV21T1080045.Shop\SV21T1080045.Shop.csproj", "{6A241E76-67E8-4542-B40F-5CD6E2050CFE}"
EndProject
Global
	GlobalSection(SolutionConfigurationPlatforms) = preSolution
		Debug|Any CPU = Debug|Any CPU
		Release|Any CPU = Release|Any CPU
	EndGlobalSection
	GlobalSection(ProjectConfigurationPlatforms) = postSolution
		{175B34B0-49EF-4466-86B1-7848CB24CF08}.Debug|Any CPU.ActiveCfg = Debug|Any CPU
		{175B34B0-49EF-4466-86B1-7848CB24CF08}.Debug|Any CPU.Build.0 = Debug|Any CPU
		{175B34B0-49EF-4466-86B1-7848CB24CF08}.Release|Any CPU.ActiveCfg = Release|Any CPU
		{175B34B0-49EF-4466-86B1-7848CB24CF08}.Release|Any CPU.Build.0 = Release|Any CPU
		{6913C76C-080A-406E-BCDB-97134EB0E1A0}.Debug|Any CPU.ActiveCfg = Debug|Any CPU
		{6913C76C-080A-406E-BCDB-97134EB0E1A0}.Debug|Any CPU.Build.0 = Debug|Any CPU
		{6913C76C-080A-406E-BCDB-97134EB0E1A0}.Release|Any CPU.ActiveCfg = Release|Any CPU
		{6913C76C-080A-406E-BCDB-97134EB0E1A0}.Release|Any CPU.Build.0 = Release|Any CPU
		{2FFB506C-C44C-40D0-9B7B-B5E051003DD3}.Debug|Any CPU.ActiveCfg = Debug|Any CPU
		{2FFB506C-C44C-40D0-9B7B-B5E051003DD3}.Debug|Any CPU.Build.0 = Debug|Any CPU
		{2FFB506C-C44C-40D0-9B7B-B5E051003DD3}.Release|Any CPU.ActiveCfg = Release|Any CPU
		{2FFB506C-C44C-40D0-9B7B-B5E051003DD3}.Release|Any CPU.Build.0 = Release|Any CPU
		{74E66215-4FE5-46AB-9526-690882E82124}.Debug|Any CPU.ActiveCfg = Debug|Any CPU
		{74E66215-4FE5-46AB-9526-690882E82124}.Debug|Any CPU.Build.0 = Debug|Any CPU
		{74E66215-4FE5-46AB-9526-690882E82124}.Release|Any CPU.ActiveCfg = Release|Any CPU
		{74E66215-4FE5-46AB-9526-690882E82124}.Release|Any CPU.Build.0 = Release|Any CPU
		{6A241E76-67E8-4542-B40F-5CD6E2050CFE}.Debug|Any CPU.ActiveCfg = Debug|Any CPU
		{6A241E76-67E8-4542-B40F-5CD6E2050CFE}.Debug|Any CPU.Build.0 = Debug|Any CPU
		{6A241E76-67E8-4542-B40F-5CD6E2050CFE}.Release|Any CPU.ActiveCfg = Release|Any CPU
		{6A241E76-67E8-4542-B40F-5CD6E2050CFE}.Release|Any CPU.Build.0 = Release|Any CPU
	EndGlobalSection
	GlobalSection(SolutionProperties) = preSolution
		HideSolutionNode = FALSE
	EndGlobalSection
	GlobalSection(NestedProjects) = preSolution
		{175B34B0-49EF-4466-86B1-7848CB24CF08} = {23437320-6D0B-497D-B9C5-11AD0D470420}
		{6913C76C-080A-406E-BCDB-97134EB0E1A0} = {4A47ABEB-BCAC-47F8-B549-4628940A7122}
		{2FFB506C-C44C-40D0-9B7B-B5E051003DD3} = {4A47ABEB-BCAC-47F8-B549-4628940A7122}
		{74E66215-4FE5-46AB-9526-690882E82124} = {4A47ABEB-BCAC-47F8-B549-4628940A7122}
		{6A241E76-67E8-4542-B40F-5CD6E2050CFE} = {23437320-6D0B-497D-B9C5-11AD0D470420}
	EndGlobalSection
	GlobalSection(ExtensibilityGlobals) = postSolution
		SolutionGuid = {D9E8B776-EA07-4313-867F-8D0D352E7EB7}
	EndGlobalSection
EndGlobal
